
Microsoft Visual Studio Solution File, Format Version 12.00
Project("{FAE04EC0-301F-11D3-BF4B-00C04F79EFBC}") = "UniAgile.Application", "UniAgile.Application\UniAgile.Application.csproj", "{A75F7A96-DAB9-40AE-8E0E-B88AE8494369}"
EndProject
Project("{FAE04EC0-301F-11D3-BF4B-00C04F79EFBC}") = "UniAgile.Application.Tests", "UniAgile.Application.Tests\UniAgile.Application.Tests.csproj", "{0ACD68C6-614E-4F12-890B-E986B8C64D3B}"
EndProject
Global
	GlobalSection(SolutionConfigurationPlatforms) = preSolution
		Debug|Any CPU = Debug|Any CPU
		Release|Any CPU = Release|Any CPU
		Unity|Any CPU = Unity|Any CPU
	EndGlobalSection
	GlobalSection(ProjectConfigurationPlatforms) = postSolution
		{A75F7A96-DAB9-40AE-8E0E-B88AE8494369}.Debug|Any CPU.ActiveCfg = Debug|Any CPU
		{A75F7A96-DAB9-40AE-8E0E-B88AE8494369}.Debug|Any CPU.Build.0 = Debug|Any CPU
		{A75F7A96-DAB9-40AE-8E0E-B88AE8494369}.Release|Any CPU.ActiveCfg = Release|Any CPU
		{A75F7A96-DAB9-40AE-8E0E-B88AE8494369}.Release|Any CPU.Build.0 = Release|Any CPU
		{A75F7A96-DAB9-40AE-8E0E-B88AE8494369}.Unity|Any CPU.ActiveCfg = Unity|Any CPU
		{A75F7A96-DAB9-40AE-8E0E-B88AE8494369}.Unity|Any CPU.Build.0 = Unity|Any CPU
		{0ACD68C6-614E-4F12-890B-E986B8C64D3B}.Debug|Any CPU.ActiveCfg = Debug|Any CPU
		{0ACD68C6-614E-4F12-890B-E986B8C64D3B}.Debug|Any CPU.Build.0 = Debug|Any CPU
		{0ACD68C6-614E-4F12-890B-E986B8C64D3B}.Release|Any CPU.ActiveCfg = Release|Any CPU
		{0ACD68C6-614E-4F12-890B-E986B8C64D3B}.Release|Any CPU.Build.0 = Release|Any CPU
		{0ACD68C6-614E-4F12-890B-E986B8C64D3B}.Unity|Any CPU.ActiveCfg = Unity|Any CPU
	EndGlobalSection
EndGlobal
